// !$*UTF8*$!
{
	archiveVersion = 1;
	classes = {
	};
	objectVersion = 50;
	objects = {

/* Begin PBXBuildFile section */
		C04B4E2122818FDC00FBDE68 /* AppDelegate.swift in Sources */ = {isa = PBXBuildFile; fileRef = C04B4E2022818FDC00FBDE68 /* AppDelegate.swift */; };
		C04B4E2322818FDC00FBDE68 /* ViewController.swift in Sources */ = {isa = PBXBuildFile; fileRef = C04B4E2222818FDC00FBDE68 /* ViewController.swift */; };
		C04B4E2622818FDC00FBDE68 /* Main.storyboard in Resources */ = {isa = PBXBuildFile; fileRef = C04B4E2422818FDC00FBDE68 /* Main.storyboard */; };
		C04B4E2822818FDD00FBDE68 /* Assets.xcassets in Resources */ = {isa = PBXBuildFile; fileRef = C04B4E2722818FDD00FBDE68 /* Assets.xcassets */; };
		C04B4E2B22818FDD00FBDE68 /* LaunchScreen.storyboard in Resources */ = {isa = PBXBuildFile; fileRef = C04B4E2922818FDD00FBDE68 /* LaunchScreen.storyboard */; };
		C04B4E35228191F600FBDE68 /* SecondViewController.swift in Sources */ = {isa = PBXBuildFile; fileRef = C04B4E34228191F600FBDE68 /* SecondViewController.swift */; };
		C04B4E3D22819E5700FBDE68 /* CustomAnnotation.swift in Sources */ = {isa = PBXBuildFile; fileRef = C04B4E3C22819E5700FBDE68 /* CustomAnnotation.swift */; };
		C04B4E3F2281A79F00FBDE68 /* ThirdViewController.swift in Sources */ = {isa = PBXBuildFile; fileRef = C04B4E3E2281A79F00FBDE68 /* ThirdViewController.swift */; };
/* End PBXBuildFile section */

/* Begin PBXFileReference section */
		C04B4E1D22818FDC00FBDE68 /* segues 1.app */ = {isa = PBXFileReference; explicitFileType = wrapper.application; includeInIndex = 0; path = "segues 1.app"; sourceTree = BUILT_PRODUCTS_DIR; };
		C04B4E2022818FDC00FBDE68 /* AppDelegate.swift */ = {isa = PBXFileReference; lastKnownFileType = sourcecode.swift; path = AppDelegate.swift; sourceTree = "<group>"; };
		C04B4E2222818FDC00FBDE68 /* ViewController.swift */ = {isa = PBXFileReference; lastKnownFileType = sourcecode.swift; path = ViewController.swift; sourceTree = "<group>"; };
		C04B4E2522818FDC00FBDE68 /* Base */ = {isa = PBXFileReference; lastKnownFileType = file.storyboard; name = Base; path = Base.lproj/Main.storyboard; sourceTree = "<group>"; };
		C04B4E2722818FDD00FBDE68 /* Assets.xcassets */ = {isa = PBXFileReference; lastKnownFileType = folder.assetcatalog; path = Assets.xcassets; sourceTree = "<group>"; };
		C04B4E2A22818FDD00FBDE68 /* Base */ = {isa = PBXFileReference; lastKnownFileType = file.storyboard; name = Base; path = Base.lproj/LaunchScreen.storyboard; sourceTree = "<group>"; };
		C04B4E2C22818FDD00FBDE68 /* Info.plist */ = {isa = PBXFileReference; lastKnownFileType = text.plist.xml; path = Info.plist; sourceTree = "<group>"; };
		C04B4E34228191F600FBDE68 /* SecondViewController.swift */ = {isa = PBXFileReference; lastKnownFileType = sourcecode.swift; path = SecondViewController.swift; sourceTree = "<group>"; };
		C04B4E3C22819E5700FBDE68 /* CustomAnnotation.swift */ = {isa = PBXFileReference; lastKnownFileType = sourcecode.swift; path = CustomAnnotation.swift; sourceTree = "<group>"; };
		C04B4E3E2281A79F00FBDE68 /* ThirdViewController.swift */ = {isa = PBXFileReference; lastKnownFileType = sourcecode.swift; path = ThirdViewController.swift; sourceTree = "<group>"; };
/* End PBXFileReference section */

/* Begin PBXFrameworksBuildPhase section */
		C04B4E1A22818FDC00FBDE68 /* Frameworks */ = {
			isa = PBXFrameworksBuildPhase;
			buildActionMask = 2147483647;
			files = (
			);
			runOnlyForDeploymentPostprocessing = 0;
		};
/* End PBXFrameworksBuildPhase section */

/* Begin PBXGroup section */
		C04B4E1422818FDC00FBDE68 = {
			isa = PBXGroup;
			children = (
				C04B4E1F22818FDC00FBDE68 /* segues 1 */,
				C04B4E1E22818FDC00FBDE68 /* Products */,
			);
			sourceTree = "<group>";
		};
		C04B4E1E22818FDC00FBDE68 /* Products */ = {
			isa = PBXGroup;
			children = (
				C04B4E1D22818FDC00FBDE68 /* segues 1.app */,
			);
			name = Products;
			sourceTree = "<group>";
		};
		C04B4E1F22818FDC00FBDE68 /* segues 1 */ = {
			isa = PBXGroup;
			children = (
				C04B4E2022818FDC00FBDE68 /* AppDelegate.swift */,
				C04B4E2222818FDC00FBDE68 /* ViewController.swift */,
				C04B4E34228191F600FBDE68 /* SecondViewController.swift */,
				C04B4E3E2281A79F00FBDE68 /* ThirdViewController.swift */,
				C04B4E3C22819E5700FBDE68 /* CustomAnnotation.swift */,
				C04B4E2422818FDC00FBDE68 /* Main.storyboard */,
				C04B4E2722818FDD00FBDE68 /* Assets.xcassets */,
				C04B4E2922818FDD00FBDE68 /* LaunchScreen.storyboard */,
				C04B4E2C22818FDD00FBDE68 /* Info.plist */,
			);
			path = "segues 1";
			sourceTree = "<group>";
		};
/* End PBXGroup section */

/* Begin PBXNativeTarget section */
		C04B4E1C22818FDC00FBDE68 /* segues 1 */ = {
			isa = PBXNativeTarget;
			buildConfigurationList = C04B4E2F22818FDD00FBDE68 /* Build configuration list for PBXNativeTarget "segues 1" */;
			buildPhases = (
				C04B4E1922818FDC00FBDE68 /* Sources */,
				C04B4E1A22818FDC00FBDE68 /* Frameworks */,
				C04B4E1B22818FDC00FBDE68 /* Resources */,
			);
			buildRules = (
			);
			dependencies = (
			);
			name = "segues 1";
			productName = "segues 1";
			productReference = C04B4E1D22818FDC00FBDE68 /* segues 1.app */;
			productType = "com.apple.product-type.application";
		};
/* End PBXNativeTarget section */

/* Begin PBXProject section */
		C04B4E1522818FDC00FBDE68 /* Project object */ = {
			isa = PBXProject;
			attributes = {
				LastSwiftUpdateCheck = 1000;
				LastUpgradeCheck = 1000;
				ORGANIZATIONNAME = "Jessica Gates (s5111179)";
				TargetAttributes = {
					C04B4E1C22818FDC00FBDE68 = {
						CreatedOnToolsVersion = 10.0;
					};
				};
			};
			buildConfigurationList = C04B4E1822818FDC00FBDE68 /* Build configuration list for PBXProject "segues 1" */;
			compatibilityVersion = "Xcode 9.3";
			developmentRegion = en;
			hasScannedForEncodings = 0;
			knownRegions = (
				en,
				Base,
			);
			mainGroup = C04B4E1422818FDC00FBDE68;
			productRefGroup = C04B4E1E22818FDC00FBDE68 /* Products */;
			projectDirPath = "";
			projectRoot = "";
			targets = (
				C04B4E1C22818FDC00FBDE68 /* segues 1 */,
			);
		};
/* End PBXProject section */

/* Begin PBXResourcesBuildPhase section */
		C04B4E1B22818FDC00FBDE68 /* Resources */ = {
			isa = PBXResourcesBuildPhase;
			buildActionMask = 2147483647;
			files = (
				C04B4E2B22818FDD00FBDE68 /* LaunchScreen.storyboard in Resources */,
				C04B4E2822818FDD00FBDE68 /* Assets.xcassets in Resources */,
				C04B4E2622818FDC00FBDE68 /* Main.storyboard in Resources */,
			);
			runOnlyForDeploymentPostprocessing = 0;
		};
/* End PBXResourcesBuildPhase section */

/* Begin PBXSourcesBuildPhase section */
		C04B4E1922818FDC00FBDE68 /* Sources */ = {
			isa = PBXSourcesBuildPhase;
			buildActionMask = 2147483647;
			files = (
				C04B4E35228191F600FBDE68 /* SecondViewController.swift in Sources */,
				C04B4E2322818FDC00FBDE68 /* ViewController.swift in Sources */,
				C04B4E3F2281A79F00FBDE68 /* ThirdViewController.swift in Sources */,
				C04B4E2122818FDC00FBDE68 /* AppDelegate.swift in Sources */,
				C04B4E3D22819E5700FBDE68 /* CustomAnnotation.swift in Sources */,
			);
			runOnlyForDeploymentPostprocessing = 0;
		};
/* End PBXSourcesBuildPhase section */

/* Begin PBXVariantGroup section */
		C04B4E2422818FDC00FBDE68 /* Main.storyboard */ = {
			isa = PBXVariantGroup;
			children = (
				C04B4E2522818FDC00FBDE68 /* Base */,
			);
			name = Main.storyboard;
			sourceTree = "<group>";
		};
		C04B4E2922818FDD00FBDE68 /* LaunchScreen.storyboard */ = {
			isa = PBXVariantGroup;
			children = (
				C04B4E2A22818FDD00FBDE68 /* Base */,
			);
			name = LaunchScreen.storyboard;
			sourceTree = "<group>";
		};
/* End PBXVariantGroup section */

/* Begin XCBuildConfiguration section */
		C04B4E2D22818FDD00FBDE68 /* Debug */ = {
			isa = XCBuildConfiguration;
			buildSettings = {
				ALWAYS_SEARCH_USER_PATHS = NO;
				CLANG_ANALYZER_NONNULL = YES;
				CLANG_ANALYZER_NUMBER_OBJECT_CONVERSION = YES_AGGRESSIVE;
				CLANG_CXX_LANGUAGE_STANDARD = "gnu++14";
				CLANG_CXX_LIBRARY = "libc++";
				CLANG_ENABLE_MODULES = YES;
				CLANG_ENABLE_OBJC_ARC = YES;
				CLANG_ENABLE_OBJC_WEAK = YES;
				CLANG_WARN_BLOCK_CAPTURE_AUTORELEASING = YES;
				CLANG_WARN_BOOL_CONVERSION = YES;
				CLANG_WARN_COMMA = YES;
				CLANG_WARN_CONSTANT_CONVERSION = YES;
				CLANG_WARN_DEPRECATED_OBJC_IMPLEMENTATIONS = YES;
				CLANG_WARN_DIRECT_OBJC_ISA_USAGE = YES_ERROR;
				CLANG_WARN_DOCUMENTATION_COMMENTS = YES;
				CLANG_WARN_EMPTY_BODY = YES;
				CLANG_WARN_ENUM_CONVERSION = YES;
				CLANG_WARN_INFINITE_RECURSION = YES;
				CLANG_WARN_INT_CONVERSION = YES;
				CLANG_WARN_NON_LITERAL_NULL_CONVERSION = YES;
				CLANG_WARN_OBJC_IMPLICIT_RETAIN_SELF = YES;
				CLANG_WARN_OBJC_LITERAL_CONVERSION = YES;
				CLANG_WARN_OBJC_ROOT_CLASS = YES_ERROR;
				CLANG_WARN_RANGE_LOOP_ANALYSIS = YES;
				CLANG_WARN_STRICT_PROTOTYPES = YES;
				CLANG_WARN_SUSPICIOUS_MOVE = YES;
				CLANG_WARN_UNGUARDED_AVAILABILITY = YES_AGGRESSIVE;
				CLANG_WARN_UNREACHABLE_CODE = YES;
				CLANG_WARN__DUPLICATE_METHOD_MATCH = YES;
				CODE_SIGN_IDENTITY = "iPhone Developer";
				COPY_PHASE_STRIP = NO;
				DEBUG_INFORMATION_FORMAT = dwarf;
				ENABLE_STRICT_OBJC_MSGSEND = YES;
				ENABLE_TESTABILITY = YES;
				GCC_C_LANGUAGE_STANDARD = gnu11;
				GCC_DYNAMIC_NO_PIC = NO;
				GCC_NO_COMMON_BLOCKS = YES;
				GCC_OPTIMIZATION_LEVEL = 0;
				GCC_PREPROCESSOR_DEFINITIONS = (
					"DEBUG=1",
					"$(inherited)",
				);
				GCC_WARN_64_TO_32_BIT_CONVERSION = YES;
				GCC_WARN_ABOUT_RETURN_TYPE = YES_ERROR;
				GCC_WARN_UNDECLARED_SELECTOR = YES;
				GCC_WARN_UNINITIALIZED_AUTOS = YES_AGGRESSIVE;
				GCC_WARN_UNUSED_FUNCTION = YES;
				GCC_WARN_UNUSED_VARIABLE = YES;
				IPHONEOS_DEPLOYMENT_TARGET = 12.0;
				MTL_ENABLE_DEBUG_INFO = INCLUDE_SOURCE;
				MTL_FAST_MATH = YES;
				ONLY_ACTIVE_ARCH = YES;
				SDKROOT = iphoneos;
				SWIFT_ACTIVE_COMPILATION_CONDITIONS = DEBUG;
				SWIFT_OPTIMIZATION_LEVEL = "-Onone";
			};
			name = Debug;
		};
		C04B4E2E22818FDD00FBDE68 /* Release */ = {
			isa = XCBuildConfiguration;
			buildSettings = {
				ALWAYS_SEARCH_USER_PATHS = NO;
				CLANG_ANALYZER_NONNULL = YES;
				CLANG_ANALYZER_NUMBER_OBJECT_CONVERSION = YES_AGGRESSIVE;
				CLANG_CXX_LANGUAGE_STANDARD = "gnu++14";
				CLANG_CXX_LIBRARY = "libc++";
				CLANG_ENABLE_MODULES = YES;
				CLANG_ENABLE_OBJC_ARC = YES;
				CLANG_ENABLE_OBJC_WEAK = YES;
				CLANG_WARN_BLOCK_CAPTURE_AUTORELEASING = YES;
				CLANG_WARN_BOOL_CONVERSION = YES;
				CLANG_WARN_COMMA = YES;
				CLANG_WARN_CONSTANT_CONVERSION = YES;
				CLANG_WARN_DEPRECATED_OBJC_IMPLEMENTATIONS = YES;
				CLANG_WARN_DIRECT_OBJC_ISA_USAGE = YES_ERROR;
				CLANG_WARN_DOCUMENTATION_COMMENTS = YES;
				CLANG_WARN_EMPTY_BODY = YES;
				CLANG_WARN_ENUM_CONVERSION = YES;
				CLANG_WARN_INFINITE_RECURSION = YES;
				CLANG_WARN_INT_CONVERSION = YES;
				CLANG_WARN_NON_LITERAL_NULL_CONVERSION = YES;
				CLANG_WARN_OBJC_IMPLICIT_RETAIN_SELF = YES;
				CLANG_WARN_OBJC_LITERAL_CONVERSION = YES;
				CLANG_WARN_OBJC_ROOT_CLASS = YES_ERROR;
				CLANG_WARN_RANGE_LOOP_ANALYSIS = YES;
				CLANG_WARN_STRICT_PROTOTYPES = YES;
				CLANG_WARN_SUSPICIOUS_MOVE = YES;
				CLANG_WARN_UNGUARDED_AVAILABILITY = YES_AGGRESSIVE;
				CLANG_WARN_UNREACHABLE_CODE = YES;
				CLANG_WARN__DUPLICATE_METHOD_MATCH = YES;
				CODE_SIGN_IDENTITY = "iPhone Developer";
				COPY_PHASE_STRIP = NO;
				DEBUG_INFORMATION_FORMAT = "dwarf-with-dsym";
				ENABLE_NS_ASSERTIONS = NO;
				ENABLE_STRICT_OBJC_MSGSEND = YES;
				GCC_C_LANGUAGE_STANDARD = gnu11;
				GCC_NO_COMMON_BLOCKS = YES;
				GCC_WARN_64_TO_32_BIT_CONVERSION = YES;
				GCC_WARN_ABOUT_RETURN_TYPE = YES_ERROR;
				GCC_WARN_UNDECLARED_SELECTOR = YES;
				GCC_WARN_UNINITIALIZED_AUTOS = YES_AGGRESSIVE;
				GCC_WARN_UNUSED_FUNCTION = YES;
				GCC_WARN_UNUSED_VARIABLE = YES;
				IPHONEOS_DEPLOYMENT_TARGET = 12.0;
				MTL_ENABLE_DEBUG_INFO = NO;
				MTL_FAST_MATH = YES;
				SDKROOT = iphoneos;
				SWIFT_COMPILATION_MODE = wholemodule;
				SWIFT_OPTIMIZATION_LEVEL = "-O";
				VALIDATE_PRODUCT = YES;
			};
			name = Release;
		};
		C04B4E3022818FDD00FBDE68 /* Debug */ = {
			isa = XCBuildConfiguration;
			buildSettings = {
				ASSETCATALOG_COMPILER_APPICON_NAME = AppIcon;
				CODE_SIGN_STYLE = Automatic;
				INFOPLIST_FILE = "segues 1/Info.plist";
				LD_RUNPATH_SEARCH_PATHS = (
					"$(inherited)",
					"@executable_path/Frameworks",
				);
				PRODUCT_BUNDLE_IDENTIFIER = "jg18.segues-1";
				PRODUCT_NAME = "$(TARGET_NAME)";
				SWIFT_VERSION = 4.2;
				TARGETED_DEVICE_FAMILY = "1,2";
			};
			name = Debug;
		};
		C04B4E3122818FDD00FBDE68 /* Release */ = {
			isa = XCBuildConfiguration;
			buildSettings = {
				ASSETCATALOG_COMPILER_APPICON_NAME = AppIcon;
				CODE_SIGN_STYLE = Automatic;
				INFOPLIST_FILE = "segues 1/Info.plist";
				LD_RUNPATH_SEARCH_PATHS = (
					"$(inherited)",
					"@executable_path/Frameworks",
				);
				PRODUCT_BUNDLE_IDENTIFIER = "jg18.segues-1";
				PRODUCT_NAME = "$(TARGET_NAME)";
				SWIFT_VERSION = 4.2;
				TARGETED_DEVICE_FAMILY = "1,2";
			};
			name = Release;
		};
/* End XCBuildConfiguration section */

/* Begin XCConfigurationList section */
		C04B4E1822818FDC00FBDE68 /* Build configuration list for PBXProject "segues 1" */ = {
			isa = XCConfigurationList;
			buildConfigurations = (
				C04B4E2D22818FDD00FBDE68 /* Debug */,
				C04B4E2E22818FDD00FBDE68 /* Release */,
			);
			defaultConfigurationIsVisible = 0;
			defaultConfigurationName = Release;
		};
		C04B4E2F22818FDD00FBDE68 /* Build configuration list for PBXNativeTarget "segues 1" */ = {
			isa = XCConfigurationList;
			buildConfigurations = (
				C04B4E3022818FDD00FBDE68 /* Debug */,
				C04B4E3122818FDD00FBDE68 /* Release */,
			);
			defaultConfigurationIsVisible = 0;
			defaultConfigurationName = Release;
		};
/* End XCConfigurationList section */
	};
	rootObject = C04B4E1522818FDC00FBDE68 /* Project object */;
}
